// !$*UTF8*$!
{
	archiveVersion = 1;
	classes = {
	};
	objectVersion = 56;
	objects = {

/* Begin PBXBuildFile section */
		4010BC7029813D4100DA0AC0 /* CupcakeCornerApp.swift in Sources */ = {isa = PBXBuildFile; fileRef = 4010BC6F29813D4100DA0AC0 /* CupcakeCornerApp.swift */; };
		4010BC7229813D4100DA0AC0 /* ContentView.swift in Sources */ = {isa = PBXBuildFile; fileRef = 4010BC7129813D4100DA0AC0 /* ContentView.swift */; };
		4010BC7429813D4100DA0AC0 /* Assets.xcassets in Resources */ = {isa = PBXBuildFile; fileRef = 4010BC7329813D4100DA0AC0 /* Assets.xcassets */; };
		4010BC7729813D4100DA0AC0 /* Preview Assets.xcassets in Resources */ = {isa = PBXBuildFile; fileRef = 4010BC7629813D4100DA0AC0 /* Preview Assets.xcassets */; };
		4010BC7E2981BAB900DA0AC0 /* URLSessionView.swift in Sources */ = {isa = PBXBuildFile; fileRef = 4010BC7D2981BAB900DA0AC0 /* URLSessionView.swift */; };
		4010BC802981BE9400DA0AC0 /* LoadingImageView.swift in Sources */ = {isa = PBXBuildFile; fileRef = 4010BC7F2981BE9400DA0AC0 /* LoadingImageView.swift */; };
		4010BC852981BEE600DA0AC0 /* PublishedWithCodable.swift in Sources */ = {isa = PBXBuildFile; fileRef = 4010BC842981BEE600DA0AC0 /* PublishedWithCodable.swift */; };
		4010BC872981C12800DA0AC0 /* FormsValidationView.swift in Sources */ = {isa = PBXBuildFile; fileRef = 4010BC862981C12800DA0AC0 /* FormsValidationView.swift */; };
		4010BC892981C46600DA0AC0 /* Order.swift in Sources */ = {isa = PBXBuildFile; fileRef = 4010BC882981C46600DA0AC0 /* Order.swift */; };
		4010BC8B298314DA00DA0AC0 /* AddressView.swift in Sources */ = {isa = PBXBuildFile; fileRef = 4010BC8A298314DA00DA0AC0 /* AddressView.swift */; };
		4010BC8D2983154700DA0AC0 /* CheckoutView.swift in Sources */ = {isa = PBXBuildFile; fileRef = 4010BC8C2983154700DA0AC0 /* CheckoutView.swift */; };
/* End PBXBuildFile section */

/* Begin PBXFileReference section */
		4010BC6C29813D4100DA0AC0 /* CupcakeCorner.app */ = {isa = PBXFileReference; explicitFileType = wrapper.application; includeInIndex = 0; path = CupcakeCorner.app; sourceTree = BUILT_PRODUCTS_DIR; };
		4010BC6F29813D4100DA0AC0 /* CupcakeCornerApp.swift */ = {isa = PBXFileReference; lastKnownFileType = sourcecode.swift; path = CupcakeCornerApp.swift; sourceTree = "<group>"; };
		4010BC7129813D4100DA0AC0 /* ContentView.swift */ = {isa = PBXFileReference; lastKnownFileType = sourcecode.swift; path = ContentView.swift; sourceTree = "<group>"; };
		4010BC7329813D4100DA0AC0 /* Assets.xcassets */ = {isa = PBXFileReference; lastKnownFileType = folder.assetcatalog; path = Assets.xcassets; sourceTree = "<group>"; };
		4010BC7629813D4100DA0AC0 /* Preview Assets.xcassets */ = {isa = PBXFileReference; lastKnownFileType = folder.assetcatalog; path = "Preview Assets.xcassets"; sourceTree = "<group>"; };
		4010BC7D2981BAB900DA0AC0 /* URLSessionView.swift */ = {isa = PBXFileReference; lastKnownFileType = sourcecode.swift; path = URLSessionView.swift; sourceTree = "<group>"; };
		4010BC7F2981BE9400DA0AC0 /* LoadingImageView.swift */ = {isa = PBXFileReference; lastKnownFileType = sourcecode.swift; path = LoadingImageView.swift; sourceTree = "<group>"; };
		4010BC842981BEE600DA0AC0 /* PublishedWithCodable.swift */ = {isa = PBXFileReference; lastKnownFileType = sourcecode.swift; path = PublishedWithCodable.swift; sourceTree = "<group>"; };
		4010BC862981C12800DA0AC0 /* FormsValidationView.swift */ = {isa = PBXFileReference; lastKnownFileType = sourcecode.swift; path = FormsValidationView.swift; sourceTree = "<group>"; };
		4010BC882981C46600DA0AC0 /* Order.swift */ = {isa = PBXFileReference; lastKnownFileType = sourcecode.swift; path = Order.swift; sourceTree = "<group>"; };
		4010BC8A298314DA00DA0AC0 /* AddressView.swift */ = {isa = PBXFileReference; lastKnownFileType = sourcecode.swift; path = AddressView.swift; sourceTree = "<group>"; };
		4010BC8C2983154700DA0AC0 /* CheckoutView.swift */ = {isa = PBXFileReference; lastKnownFileType = sourcecode.swift; path = CheckoutView.swift; sourceTree = "<group>"; };
/* End PBXFileReference section */

/* Begin PBXFrameworksBuildPhase section */
		4010BC6929813D4100DA0AC0 /* Frameworks */ = {
			isa = PBXFrameworksBuildPhase;
			buildActionMask = 2147483647;
			files = (
			);
			runOnlyForDeploymentPostprocessing = 0;
		};
/* End PBXFrameworksBuildPhase section */

/* Begin PBXGroup section */
		4010BC6329813D4100DA0AC0 = {
			isa = PBXGroup;
			children = (
				4010BC6E29813D4100DA0AC0 /* CupcakeCorner */,
				4010BC6D29813D4100DA0AC0 /* Products */,
			);
			sourceTree = "<group>";
		};
		4010BC6D29813D4100DA0AC0 /* Products */ = {
			isa = PBXGroup;
			children = (
				4010BC6C29813D4100DA0AC0 /* CupcakeCorner.app */,
			);
			name = Products;
			sourceTree = "<group>";
		};
		4010BC6E29813D4100DA0AC0 /* CupcakeCorner */ = {
			isa = PBXGroup;
			children = (
				4010BC6F29813D4100DA0AC0 /* CupcakeCornerApp.swift */,
				4010BC7129813D4100DA0AC0 /* ContentView.swift */,
				4010BC812981BEAF00DA0AC0 /* Preceding Tutorials */,
				4010BC7329813D4100DA0AC0 /* Assets.xcassets */,
				4010BC7529813D4100DA0AC0 /* Preview Content */,
				4010BC882981C46600DA0AC0 /* Order.swift */,
				4010BC8A298314DA00DA0AC0 /* AddressView.swift */,
				4010BC8C2983154700DA0AC0 /* CheckoutView.swift */,
			);
			path = CupcakeCorner;
			sourceTree = "<group>";
		};
		4010BC7529813D4100DA0AC0 /* Preview Content */ = {
			isa = PBXGroup;
			children = (
				4010BC7629813D4100DA0AC0 /* Preview Assets.xcassets */,
			);
			path = "Preview Content";
			sourceTree = "<group>";
		};
		4010BC812981BEAF00DA0AC0 /* Preceding Tutorials */ = {
			isa = PBXGroup;
			children = (
				4010BC7D2981BAB900DA0AC0 /* URLSessionView.swift */,
				4010BC842981BEE600DA0AC0 /* PublishedWithCodable.swift */,
				4010BC7F2981BE9400DA0AC0 /* LoadingImageView.swift */,
				4010BC862981C12800DA0AC0 /* FormsValidationView.swift */,
			);
			path = "Preceding Tutorials";
			sourceTree = "<group>";
		};
/* End PBXGroup section */

/* Begin PBXNativeTarget section */
		4010BC6B29813D4100DA0AC0 /* CupcakeCorner */ = {
			isa = PBXNativeTarget;
			buildConfigurationList = 4010BC7A29813D4100DA0AC0 /* Build configuration list for PBXNativeTarget "CupcakeCorner" */;
			buildPhases = (
				4010BC6829813D4100DA0AC0 /* Sources */,
				4010BC6929813D4100DA0AC0 /* Frameworks */,
				4010BC6A29813D4100DA0AC0 /* Resources */,
			);
			buildRules = (
			);
			dependencies = (
			);
			name = CupcakeCorner;
			productName = CupcakeCorner;
			productReference = 4010BC6C29813D4100DA0AC0 /* CupcakeCorner.app */;
			productType = "com.apple.product-type.application";
		};
/* End PBXNativeTarget section */

/* Begin PBXProject section */
		4010BC6429813D4100DA0AC0 /* Project object */ = {
			isa = PBXProject;
			attributes = {
				BuildIndependentTargetsInParallel = 1;
				LastSwiftUpdateCheck = 1410;
				LastUpgradeCheck = 1410;
				TargetAttributes = {
					4010BC6B29813D4100DA0AC0 = {
						CreatedOnToolsVersion = 14.1;
					};
				};
			};
			buildConfigurationList = 4010BC6729813D4100DA0AC0 /* Build configuration list for PBXProject "CupcakeCorner" */;
			compatibilityVersion = "Xcode 14.0";
			developmentRegion = en;
			hasScannedForEncodings = 0;
			knownRegions = (
				en,
				Base,
			);
			mainGroup = 4010BC6329813D4100DA0AC0;
			productRefGroup = 4010BC6D29813D4100DA0AC0 /* Products */;
			projectDirPath = "";
			projectRoot = "";
			targets = (
				4010BC6B29813D4100DA0AC0 /* CupcakeCorner */,
			);
		};
/* End PBXProject section */

/* Begin PBXResourcesBuildPhase section */
		4010BC6A29813D4100DA0AC0 /* Resources */ = {
			isa = PBXResourcesBuildPhase;
			buildActionMask = 2147483647;
			files = (
				4010BC7729813D4100DA0AC0 /* Preview Assets.xcassets in Resources */,
				4010BC7429813D4100DA0AC0 /* Assets.xcassets in Resources */,
			);
			runOnlyForDeploymentPostprocessing = 0;
		};
/* End PBXResourcesBuildPhase section */

/* Begin PBXSourcesBuildPhase section */
		4010BC6829813D4100DA0AC0 /* Sources */ = {
			isa = PBXSourcesBuildPhase;
			buildActionMask = 2147483647;
			files = (
				4010BC7229813D4100DA0AC0 /* ContentView.swift in Sources */,
				4010BC872981C12800DA0AC0 /* FormsValidationView.swift in Sources */,
				4010BC802981BE9400DA0AC0 /* LoadingImageView.swift in Sources */,
				4010BC852981BEE600DA0AC0 /* PublishedWithCodable.swift in Sources */,
				4010BC7029813D4100DA0AC0 /* CupcakeCornerApp.swift in Sources */,
				4010BC8B298314DA00DA0AC0 /* AddressView.swift in Sources */,
				4010BC7E2981BAB900DA0AC0 /* URLSessionView.swift in Sources */,
				4010BC892981C46600DA0AC0 /* Order.swift in Sources */,
				4010BC8D2983154700DA0AC0 /* CheckoutView.swift in Sources */,
			);
			runOnlyForDeploymentPostprocessing = 0;
		};
/* End PBXSourcesBuildPhase section */

/* Begin XCBuildConfiguration section */
		4010BC7829813D4100DA0AC0 /* Debug */ = {
			isa = XCBuildConfiguration;
			buildSettings = {
				ALWAYS_SEARCH_USER_PATHS = NO;
				CLANG_ANALYZER_NONNULL = YES;
				CLANG_ANALYZER_NUMBER_OBJECT_CONVERSION = YES_AGGRESSIVE;
				CLANG_CXX_LANGUAGE_STANDARD = "gnu++20";
				CLANG_ENABLE_MODULES = YES;
				CLANG_ENABLE_OBJC_ARC = YES;
				CLANG_ENABLE_OBJC_WEAK = YES;
				CLANG_WARN_BLOCK_CAPTURE_AUTORELEASING = YES;
				CLANG_WARN_BOOL_CONVERSION = YES;
				CLANG_WARN_COMMA = YES;
				CLANG_WARN_CONSTANT_CONVERSION = YES;
				CLANG_WARN_DEPRECATED_OBJC_IMPLEMENTATIONS = YES;
				CLANG_WARN_DIRECT_OBJC_ISA_USAGE = YES_ERROR;
				CLANG_WARN_DOCUMENTATION_COMMENTS = YES;
				CLANG_WARN_EMPTY_BODY = YES;
				CLANG_WARN_ENUM_CONVERSION = YES;
				CLANG_WARN_INFINITE_RECURSION = YES;
				CLANG_WARN_INT_CONVERSION = YES;
				CLANG_WARN_NON_LITERAL_NULL_CONVERSION = YES;
				CLANG_WARN_OBJC_IMPLICIT_RETAIN_SELF = YES;
				CLANG_WARN_OBJC_LITERAL_CONVERSION = YES;
				CLANG_WARN_OBJC_ROOT_CLASS = YES_ERROR;
				CLANG_WARN_QUOTED_INCLUDE_IN_FRAMEWORK_HEADER = YES;
				CLANG_WARN_RANGE_LOOP_ANALYSIS = YES;
				CLANG_WARN_STRICT_PROTOTYPES = YES;
				CLANG_WARN_SUSPICIOUS_MOVE = YES;
				CLANG_WARN_UNGUARDED_AVAILABILITY = YES_AGGRESSIVE;
				CLANG_WARN_UNREACHABLE_CODE = YES;
				CLANG_WARN__DUPLICATE_METHOD_MATCH = YES;
				COPY_PHASE_STRIP = NO;
				DEBUG_INFORMATION_FORMAT = dwarf;
				ENABLE_STRICT_OBJC_MSGSEND = YES;
				ENABLE_TESTABILITY = YES;
				GCC_C_LANGUAGE_STANDARD = gnu11;
				GCC_DYNAMIC_NO_PIC = NO;
				GCC_NO_COMMON_BLOCKS = YES;
				GCC_OPTIMIZATION_LEVEL = 0;
				GCC_PREPROCESSOR_DEFINITIONS = (
					"DEBUG=1",
					"$(inherited)",
				);
				GCC_WARN_64_TO_32_BIT_CONVERSION = YES;
				GCC_WARN_ABOUT_RETURN_TYPE = YES_ERROR;
				GCC_WARN_UNDECLARED_SELECTOR = YES;
				GCC_WARN_UNINITIALIZED_AUTOS = YES_AGGRESSIVE;
				GCC_WARN_UNUSED_FUNCTION = YES;
				GCC_WARN_UNUSED_VARIABLE = YES;
				IPHONEOS_DEPLOYMENT_TARGET = 16.1;
				MTL_ENABLE_DEBUG_INFO = INCLUDE_SOURCE;
				MTL_FAST_MATH = YES;
				ONLY_ACTIVE_ARCH = YES;
				SDKROOT = iphoneos;
				SWIFT_ACTIVE_COMPILATION_CONDITIONS = DEBUG;
				SWIFT_OPTIMIZATION_LEVEL = "-Onone";
			};
			name = Debug;
		};
		4010BC7929813D4100DA0AC0 /* Release */ = {
			isa = XCBuildConfiguration;
			buildSettings = {
				ALWAYS_SEARCH_USER_PATHS = NO;
				CLANG_ANALYZER_NONNULL = YES;
				CLANG_ANALYZER_NUMBER_OBJECT_CONVERSION = YES_AGGRESSIVE;
				CLANG_CXX_LANGUAGE_STANDARD = "gnu++20";
				CLANG_ENABLE_MODULES = YES;
				CLANG_ENABLE_OBJC_ARC = YES;
				CLANG_ENABLE_OBJC_WEAK = YES;
				CLANG_WARN_BLOCK_CAPTURE_AUTORELEASING = YES;
				CLANG_WARN_BOOL_CONVERSION = YES;
				CLANG_WARN_COMMA = YES;
				CLANG_WARN_CONSTANT_CONVERSION = YES;
				CLANG_WARN_DEPRECATED_OBJC_IMPLEMENTATIONS = YES;
				CLANG_WARN_DIRECT_OBJC_ISA_USAGE = YES_ERROR;
				CLANG_WARN_DOCUMENTATION_COMMENTS = YES;
				CLANG_WARN_EMPTY_BODY = YES;
				CLANG_WARN_ENUM_CONVERSION = YES;
				CLANG_WARN_INFINITE_RECURSION = YES;
				CLANG_WARN_INT_CONVERSION = YES;
				CLANG_WARN_NON_LITERAL_NULL_CONVERSION = YES;
				CLANG_WARN_OBJC_IMPLICIT_RETAIN_SELF = YES;
				CLANG_WARN_OBJC_LITERAL_CONVERSION = YES;
				CLANG_WARN_OBJC_ROOT_CLASS = YES_ERROR;
				CLANG_WARN_QUOTED_INCLUDE_IN_FRAMEWORK_HEADER = YES;
				CLANG_WARN_RANGE_LOOP_ANALYSIS = YES;
				CLANG_WARN_STRICT_PROTOTYPES = YES;
				CLANG_WARN_SUSPICIOUS_MOVE = YES;
				CLANG_WARN_UNGUARDED_AVAILABILITY = YES_AGGRESSIVE;
				CLANG_WARN_UNREACHABLE_CODE = YES;
				CLANG_WARN__DUPLICATE_METHOD_MATCH = YES;
				COPY_PHASE_STRIP = NO;
				DEBUG_INFORMATION_FORMAT = "dwarf-with-dsym";
				ENABLE_NS_ASSERTIONS = NO;
				ENABLE_STRICT_OBJC_MSGSEND = YES;
				GCC_C_LANGUAGE_STANDARD = gnu11;
				GCC_NO_COMMON_BLOCKS = YES;
				GCC_WARN_64_TO_32_BIT_CONVERSION = YES;
				GCC_WARN_ABOUT_RETURN_TYPE = YES_ERROR;
				GCC_WARN_UNDECLARED_SELECTOR = YES;
				GCC_WARN_UNINITIALIZED_AUTOS = YES_AGGRESSIVE;
				GCC_WARN_UNUSED_FUNCTION = YES;
				GCC_WARN_UNUSED_VARIABLE = YES;
				IPHONEOS_DEPLOYMENT_TARGET = 16.1;
				MTL_ENABLE_DEBUG_INFO = NO;
				MTL_FAST_MATH = YES;
				SDKROOT = iphoneos;
				SWIFT_COMPILATION_MODE = wholemodule;
				SWIFT_OPTIMIZATION_LEVEL = "-O";
				VALIDATE_PRODUCT = YES;
			};
			name = Release;
		};
		4010BC7B29813D4100DA0AC0 /* Debug */ = {
			isa = XCBuildConfiguration;
			buildSettings = {
				ASSETCATALOG_COMPILER_APPICON_NAME = AppIcon;
				ASSETCATALOG_COMPILER_GLOBAL_ACCENT_COLOR_NAME = AccentColor;
				CODE_SIGN_STYLE = Automatic;
				CURRENT_PROJECT_VERSION = 1;
				DEVELOPMENT_ASSET_PATHS = "\"CupcakeCorner/Preview Content\"";
				DEVELOPMENT_TEAM = G3GNU2HG38;
				ENABLE_PREVIEWS = YES;
				GENERATE_INFOPLIST_FILE = YES;
				INFOPLIST_KEY_UIApplicationSceneManifest_Generation = YES;
				INFOPLIST_KEY_UIApplicationSupportsIndirectInputEvents = YES;
				INFOPLIST_KEY_UILaunchScreen_Generation = YES;
				INFOPLIST_KEY_UISupportedInterfaceOrientations_iPad = "UIInterfaceOrientationPortrait UIInterfaceOrientationPortraitUpsideDown UIInterfaceOrientationLandscapeLeft UIInterfaceOrientationLandscapeRight";
				INFOPLIST_KEY_UISupportedInterfaceOrientations_iPhone = "UIInterfaceOrientationPortrait UIInterfaceOrientationLandscapeLeft UIInterfaceOrientationLandscapeRight";
				LD_RUNPATH_SEARCH_PATHS = (
					"$(inherited)",
					"@executable_path/Frameworks",
				);
				MARKETING_VERSION = 1.0;
				PRODUCT_BUNDLE_IDENTIFIER = me.dabrowska.paulina.CupcakeCorner;
				PRODUCT_NAME = "$(TARGET_NAME)";
				SWIFT_EMIT_LOC_STRINGS = YES;
				SWIFT_VERSION = 5.0;
				TARGETED_DEVICE_FAMILY = "1,2";
			};
			name = Debug;
		};
		4010BC7C29813D4100DA0AC0 /* Release */ = {
			isa = XCBuildConfiguration;
			buildSettings = {
				ASSETCATALOG_COMPILER_APPICON_NAME = AppIcon;
				ASSETCATALOG_COMPILER_GLOBAL_ACCENT_COLOR_NAME = AccentColor;
				CODE_SIGN_STYLE = Automatic;
				CURRENT_PROJECT_VERSION = 1;
				DEVELOPMENT_ASSET_PATHS = "\"CupcakeCorner/Preview Content\"";
				DEVELOPMENT_TEAM = G3GNU2HG38;
				ENABLE_PREVIEWS = YES;
				GENERATE_INFOPLIST_FILE = YES;
				INFOPLIST_KEY_UIApplicationSceneManifest_Generation = YES;
				INFOPLIST_KEY_UIApplicationSupportsIndirectInputEvents = YES;
				INFOPLIST_KEY_UILaunchScreen_Generation = YES;
				INFOPLIST_KEY_UISupportedInterfaceOrientations_iPad = "UIInterfaceOrientationPortrait UIInterfaceOrientationPortraitUpsideDown UIInterfaceOrientationLandscapeLeft UIInterfaceOrientationLandscapeRight";
				INFOPLIST_KEY_UISupportedInterfaceOrientations_iPhone = "UIInterfaceOrientationPortrait UIInterfaceOrientationLandscapeLeft UIInterfaceOrientationLandscapeRight";
				LD_RUNPATH_SEARCH_PATHS = (
					"$(inherited)",
					"@executable_path/Frameworks",
				);
				MARKETING_VERSION = 1.0;
				PRODUCT_BUNDLE_IDENTIFIER = me.dabrowska.paulina.CupcakeCorner;
				PRODUCT_NAME = "$(TARGET_NAME)";
				SWIFT_EMIT_LOC_STRINGS = YES;
				SWIFT_VERSION = 5.0;
				TARGETED_DEVICE_FAMILY = "1,2";
			};
			name = Release;
		};
/* End XCBuildConfiguration section */

/* Begin XCConfigurationList section */
		4010BC6729813D4100DA0AC0 /* Build configuration list for PBXProject "CupcakeCorner" */ = {
			isa = XCConfigurationList;
			buildConfigurations = (
				4010BC7829813D4100DA0AC0 /* Debug */,
				4010BC7929813D4100DA0AC0 /* Release */,
			);
			defaultConfigurationIsVisible = 0;
			defaultConfigurationName = Release;
		};
		4010BC7A29813D4100DA0AC0 /* Build configuration list for PBXNativeTarget "CupcakeCorner" */ = {
			isa = XCConfigurationList;
			buildConfigurations = (
				4010BC7B29813D4100DA0AC0 /* Debug */,
				4010BC7C29813D4100DA0AC0 /* Release */,
			);
			defaultConfigurationIsVisible = 0;
			defaultConfigurationName = Release;
		};
/* End XCConfigurationList section */
	};
	rootObject = 4010BC6429813D4100DA0AC0 /* Project object */;
}
