// !$*UTF8*$!
{
	archiveVersion = 1;
	classes = {
	};
	objectVersion = 56;
	objects = {

/* Begin PBXBuildFile section */
		4010BC9B2983E78C00DA0AC0 /* BookwormApp.swift in Sources */ = {isa = PBXBuildFile; fileRef = 4010BC9A2983E78C00DA0AC0 /* BookwormApp.swift */; };
		4010BC9D2983E78C00DA0AC0 /* ContentView.swift in Sources */ = {isa = PBXBuildFile; fileRef = 4010BC9C2983E78C00DA0AC0 /* ContentView.swift */; };
		4010BC9F2983E78D00DA0AC0 /* Assets.xcassets in Resources */ = {isa = PBXBuildFile; fileRef = 4010BC9E2983E78D00DA0AC0 /* Assets.xcassets */; };
		4010BCA22983E78D00DA0AC0 /* Preview Assets.xcassets in Resources */ = {isa = PBXBuildFile; fileRef = 4010BCA12983E78D00DA0AC0 /* Preview Assets.xcassets */; };
		4010BCAA2983E83700DA0AC0 /* BindingTutorialView.swift in Sources */ = {isa = PBXBuildFile; fileRef = 4010BCA92983E83700DA0AC0 /* BindingTutorialView.swift */; };
		4010BCAC2983E99E00DA0AC0 /* TextEditorTutorialView.swift in Sources */ = {isa = PBXBuildFile; fileRef = 4010BCAB2983E99E00DA0AC0 /* TextEditorTutorialView.swift */; };
		4010BCAE2983EA9600DA0AC0 /* CoreDataTutorialView.swift in Sources */ = {isa = PBXBuildFile; fileRef = 4010BCAD2983EA9600DA0AC0 /* CoreDataTutorialView.swift */; };
		4010BCB12983FCBD00DA0AC0 /* BookwormTutorial.xcdatamodeld in Sources */ = {isa = PBXBuildFile; fileRef = 4010BCAF2983FCBD00DA0AC0 /* BookwormTutorial.xcdatamodeld */; };
		4010BCB32983FD1700DA0AC0 /* DataControllerTutorial.swift in Sources */ = {isa = PBXBuildFile; fileRef = 4010BCB22983FD1700DA0AC0 /* DataControllerTutorial.swift */; };
		4010BCB529843FB800DA0AC0 /* DataController.swift in Sources */ = {isa = PBXBuildFile; fileRef = 4010BCB429843FB800DA0AC0 /* DataController.swift */; };
		4010BCB829843FFA00DA0AC0 /* Bookworm.xcdatamodeld in Sources */ = {isa = PBXBuildFile; fileRef = 4010BCB629843FFA00DA0AC0 /* Bookworm.xcdatamodeld */; };
		4010BCBA29848D4100DA0AC0 /* AddBookView.swift in Sources */ = {isa = PBXBuildFile; fileRef = 4010BCB929848D4100DA0AC0 /* AddBookView.swift */; };
		4010BCBC298545C800DA0AC0 /* RatingView.swift in Sources */ = {isa = PBXBuildFile; fileRef = 4010BCBB298545C800DA0AC0 /* RatingView.swift */; };
		4010BCBE2985962E00DA0AC0 /* EmojiRatingView.swift in Sources */ = {isa = PBXBuildFile; fileRef = 4010BCBD2985962E00DA0AC0 /* EmojiRatingView.swift */; };
		4010BCC0298597AE00DA0AC0 /* DetailView.swift in Sources */ = {isa = PBXBuildFile; fileRef = 4010BCBF298597AE00DA0AC0 /* DetailView.swift */; };
/* End PBXBuildFile section */

/* Begin PBXFileReference section */
		4010BC972983E78C00DA0AC0 /* Bookworm.app */ = {isa = PBXFileReference; explicitFileType = wrapper.application; includeInIndex = 0; path = Bookworm.app; sourceTree = BUILT_PRODUCTS_DIR; };
		4010BC9A2983E78C00DA0AC0 /* BookwormApp.swift */ = {isa = PBXFileReference; lastKnownFileType = sourcecode.swift; path = BookwormApp.swift; sourceTree = "<group>"; };
		4010BC9C2983E78C00DA0AC0 /* ContentView.swift */ = {isa = PBXFileReference; lastKnownFileType = sourcecode.swift; path = ContentView.swift; sourceTree = "<group>"; };
		4010BC9E2983E78D00DA0AC0 /* Assets.xcassets */ = {isa = PBXFileReference; lastKnownFileType = folder.assetcatalog; path = Assets.xcassets; sourceTree = "<group>"; };
		4010BCA12983E78D00DA0AC0 /* Preview Assets.xcassets */ = {isa = PBXFileReference; lastKnownFileType = folder.assetcatalog; path = "Preview Assets.xcassets"; sourceTree = "<group>"; };
		4010BCA92983E83700DA0AC0 /* BindingTutorialView.swift */ = {isa = PBXFileReference; lastKnownFileType = sourcecode.swift; path = BindingTutorialView.swift; sourceTree = "<group>"; };
		4010BCAB2983E99E00DA0AC0 /* TextEditorTutorialView.swift */ = {isa = PBXFileReference; lastKnownFileType = sourcecode.swift; path = TextEditorTutorialView.swift; sourceTree = "<group>"; };
		4010BCAD2983EA9600DA0AC0 /* CoreDataTutorialView.swift */ = {isa = PBXFileReference; lastKnownFileType = sourcecode.swift; path = CoreDataTutorialView.swift; sourceTree = "<group>"; };
		4010BCB02983FCBD00DA0AC0 /* Bookworm.xcdatamodel */ = {isa = PBXFileReference; lastKnownFileType = wrapper.xcdatamodel; path = Bookworm.xcdatamodel; sourceTree = "<group>"; };
		4010BCB22983FD1700DA0AC0 /* DataControllerTutorial.swift */ = {isa = PBXFileReference; lastKnownFileType = sourcecode.swift; path = DataControllerTutorial.swift; sourceTree = "<group>"; };
		4010BCB429843FB800DA0AC0 /* DataController.swift */ = {isa = PBXFileReference; lastKnownFileType = sourcecode.swift; path = DataController.swift; sourceTree = "<group>"; };
		4010BCB729843FFA00DA0AC0 /* Bookworm.xcdatamodel */ = {isa = PBXFileReference; lastKnownFileType = wrapper.xcdatamodel; path = Bookworm.xcdatamodel; sourceTree = "<group>"; };
		4010BCB929848D4100DA0AC0 /* AddBookView.swift */ = {isa = PBXFileReference; lastKnownFileType = sourcecode.swift; path = AddBookView.swift; sourceTree = "<group>"; };
		4010BCBB298545C800DA0AC0 /* RatingView.swift */ = {isa = PBXFileReference; lastKnownFileType = sourcecode.swift; path = RatingView.swift; sourceTree = "<group>"; };
		4010BCBD2985962E00DA0AC0 /* EmojiRatingView.swift */ = {isa = PBXFileReference; lastKnownFileType = sourcecode.swift; path = EmojiRatingView.swift; sourceTree = "<group>"; };
		4010BCBF298597AE00DA0AC0 /* DetailView.swift */ = {isa = PBXFileReference; lastKnownFileType = sourcecode.swift; path = DetailView.swift; sourceTree = "<group>"; };
/* End PBXFileReference section */

/* Begin PBXFrameworksBuildPhase section */
		4010BC942983E78C00DA0AC0 /* Frameworks */ = {
			isa = PBXFrameworksBuildPhase;
			buildActionMask = 2147483647;
			files = (
			);
			runOnlyForDeploymentPostprocessing = 0;
		};
/* End PBXFrameworksBuildPhase section */

/* Begin PBXGroup section */
		4010BC8E2983E78C00DA0AC0 = {
			isa = PBXGroup;
			children = (
				4010BC992983E78C00DA0AC0 /* Bookworm */,
				4010BC982983E78C00DA0AC0 /* Products */,
			);
			sourceTree = "<group>";
		};
		4010BC982983E78C00DA0AC0 /* Products */ = {
			isa = PBXGroup;
			children = (
				4010BC972983E78C00DA0AC0 /* Bookworm.app */,
			);
			name = Products;
			sourceTree = "<group>";
		};
		4010BC992983E78C00DA0AC0 /* Bookworm */ = {
			isa = PBXGroup;
			children = (
				4010BC9A2983E78C00DA0AC0 /* BookwormApp.swift */,
				4010BC9C2983E78C00DA0AC0 /* ContentView.swift */,
				4010BCBF298597AE00DA0AC0 /* DetailView.swift */,
				4010BCBD2985962E00DA0AC0 /* EmojiRatingView.swift */,
				4010BCB429843FB800DA0AC0 /* DataController.swift */,
				4010BCB629843FFA00DA0AC0 /* Bookworm.xcdatamodeld */,
				4010BCB929848D4100DA0AC0 /* AddBookView.swift */,
				4010BCBB298545C800DA0AC0 /* RatingView.swift */,
				4010BCA82983E80300DA0AC0 /* PrecedingTutorials */,
				4010BC9E2983E78D00DA0AC0 /* Assets.xcassets */,
				4010BCA02983E78D00DA0AC0 /* Preview Content */,
			);
			path = Bookworm;
			sourceTree = "<group>";
		};
		4010BCA02983E78D00DA0AC0 /* Preview Content */ = {
			isa = PBXGroup;
			children = (
				4010BCA12983E78D00DA0AC0 /* Preview Assets.xcassets */,
			);
			path = "Preview Content";
			sourceTree = "<group>";
		};
		4010BCA82983E80300DA0AC0 /* PrecedingTutorials */ = {
			isa = PBXGroup;
			children = (
				4010BCA92983E83700DA0AC0 /* BindingTutorialView.swift */,
				4010BCAB2983E99E00DA0AC0 /* TextEditorTutorialView.swift */,
				4010BCAF2983FCBD00DA0AC0 /* BookwormTutorial.xcdatamodeld */,
				4010BCAD2983EA9600DA0AC0 /* CoreDataTutorialView.swift */,
				4010BCB22983FD1700DA0AC0 /* DataControllerTutorial.swift */,
			);
			path = PrecedingTutorials;
			sourceTree = "<group>";
		};
/* End PBXGroup section */

/* Begin PBXNativeTarget section */
		4010BC962983E78C00DA0AC0 /* Bookworm */ = {
			isa = PBXNativeTarget;
			buildConfigurationList = 4010BCA52983E78D00DA0AC0 /* Build configuration list for PBXNativeTarget "Bookworm" */;
			buildPhases = (
				4010BC932983E78C00DA0AC0 /* Sources */,
				4010BC942983E78C00DA0AC0 /* Frameworks */,
				4010BC952983E78C00DA0AC0 /* Resources */,
			);
			buildRules = (
			);
			dependencies = (
			);
			name = Bookworm;
			productName = Bookworm;
			productReference = 4010BC972983E78C00DA0AC0 /* Bookworm.app */;
			productType = "com.apple.product-type.application";
		};
/* End PBXNativeTarget section */

/* Begin PBXProject section */
		4010BC8F2983E78C00DA0AC0 /* Project object */ = {
			isa = PBXProject;
			attributes = {
				BuildIndependentTargetsInParallel = 1;
				LastSwiftUpdateCheck = 1410;
				LastUpgradeCheck = 1410;
				TargetAttributes = {
					4010BC962983E78C00DA0AC0 = {
						CreatedOnToolsVersion = 14.1;
					};
				};
			};
			buildConfigurationList = 4010BC922983E78C00DA0AC0 /* Build configuration list for PBXProject "Bookworm" */;
			compatibilityVersion = "Xcode 14.0";
			developmentRegion = en;
			hasScannedForEncodings = 0;
			knownRegions = (
				en,
				Base,
			);
			mainGroup = 4010BC8E2983E78C00DA0AC0;
			productRefGroup = 4010BC982983E78C00DA0AC0 /* Products */;
			projectDirPath = "";
			projectRoot = "";
			targets = (
				4010BC962983E78C00DA0AC0 /* Bookworm */,
			);
		};
/* End PBXProject section */

/* Begin PBXResourcesBuildPhase section */
		4010BC952983E78C00DA0AC0 /* Resources */ = {
			isa = PBXResourcesBuildPhase;
			buildActionMask = 2147483647;
			files = (
				4010BCA22983E78D00DA0AC0 /* Preview Assets.xcassets in Resources */,
				4010BC9F2983E78D00DA0AC0 /* Assets.xcassets in Resources */,
			);
			runOnlyForDeploymentPostprocessing = 0;
		};
/* End PBXResourcesBuildPhase section */

/* Begin PBXSourcesBuildPhase section */
		4010BC932983E78C00DA0AC0 /* Sources */ = {
			isa = PBXSourcesBuildPhase;
			buildActionMask = 2147483647;
			files = (
				4010BCBC298545C800DA0AC0 /* RatingView.swift in Sources */,
				4010BCB32983FD1700DA0AC0 /* DataControllerTutorial.swift in Sources */,
				4010BCB829843FFA00DA0AC0 /* Bookworm.xcdatamodeld in Sources */,
				4010BCAA2983E83700DA0AC0 /* BindingTutorialView.swift in Sources */,
				4010BCBE2985962E00DA0AC0 /* EmojiRatingView.swift in Sources */,
				4010BCB12983FCBD00DA0AC0 /* BookwormTutorial.xcdatamodeld in Sources */,
				4010BC9D2983E78C00DA0AC0 /* ContentView.swift in Sources */,
				4010BCC0298597AE00DA0AC0 /* DetailView.swift in Sources */,
				4010BCAC2983E99E00DA0AC0 /* TextEditorTutorialView.swift in Sources */,
				4010BCB529843FB800DA0AC0 /* DataController.swift in Sources */,
				4010BC9B2983E78C00DA0AC0 /* BookwormApp.swift in Sources */,
				4010BCAE2983EA9600DA0AC0 /* CoreDataTutorialView.swift in Sources */,
				4010BCBA29848D4100DA0AC0 /* AddBookView.swift in Sources */,
			);
			runOnlyForDeploymentPostprocessing = 0;
		};
/* End PBXSourcesBuildPhase section */

/* Begin XCBuildConfiguration section */
		4010BCA32983E78D00DA0AC0 /* Debug */ = {
			isa = XCBuildConfiguration;
			buildSettings = {
				ALWAYS_SEARCH_USER_PATHS = NO;
				CLANG_ANALYZER_NONNULL = YES;
				CLANG_ANALYZER_NUMBER_OBJECT_CONVERSION = YES_AGGRESSIVE;
				CLANG_CXX_LANGUAGE_STANDARD = "gnu++20";
				CLANG_ENABLE_MODULES = YES;
				CLANG_ENABLE_OBJC_ARC = YES;
				CLANG_ENABLE_OBJC_WEAK = YES;
				CLANG_WARN_BLOCK_CAPTURE_AUTORELEASING = YES;
				CLANG_WARN_BOOL_CONVERSION = YES;
				CLANG_WARN_COMMA = YES;
				CLANG_WARN_CONSTANT_CONVERSION = YES;
				CLANG_WARN_DEPRECATED_OBJC_IMPLEMENTATIONS = YES;
				CLANG_WARN_DIRECT_OBJC_ISA_USAGE = YES_ERROR;
				CLANG_WARN_DOCUMENTATION_COMMENTS = YES;
				CLANG_WARN_EMPTY_BODY = YES;
				CLANG_WARN_ENUM_CONVERSION = YES;
				CLANG_WARN_INFINITE_RECURSION = YES;
				CLANG_WARN_INT_CONVERSION = YES;
				CLANG_WARN_NON_LITERAL_NULL_CONVERSION = YES;
				CLANG_WARN_OBJC_IMPLICIT_RETAIN_SELF = YES;
				CLANG_WARN_OBJC_LITERAL_CONVERSION = YES;
				CLANG_WARN_OBJC_ROOT_CLASS = YES_ERROR;
				CLANG_WARN_QUOTED_INCLUDE_IN_FRAMEWORK_HEADER = YES;
				CLANG_WARN_RANGE_LOOP_ANALYSIS = YES;
				CLANG_WARN_STRICT_PROTOTYPES = YES;
				CLANG_WARN_SUSPICIOUS_MOVE = YES;
				CLANG_WARN_UNGUARDED_AVAILABILITY = YES_AGGRESSIVE;
				CLANG_WARN_UNREACHABLE_CODE = YES;
				CLANG_WARN__DUPLICATE_METHOD_MATCH = YES;
				COPY_PHASE_STRIP = NO;
				DEBUG_INFORMATION_FORMAT = dwarf;
				ENABLE_STRICT_OBJC_MSGSEND = YES;
				ENABLE_TESTABILITY = YES;
				GCC_C_LANGUAGE_STANDARD = gnu11;
				GCC_DYNAMIC_NO_PIC = NO;
				GCC_NO_COMMON_BLOCKS = YES;
				GCC_OPTIMIZATION_LEVEL = 0;
				GCC_PREPROCESSOR_DEFINITIONS = (
					"DEBUG=1",
					"$(inherited)",
				);
				GCC_WARN_64_TO_32_BIT_CONVERSION = YES;
				GCC_WARN_ABOUT_RETURN_TYPE = YES_ERROR;
				GCC_WARN_UNDECLARED_SELECTOR = YES;
				GCC_WARN_UNINITIALIZED_AUTOS = YES_AGGRESSIVE;
				GCC_WARN_UNUSED_FUNCTION = YES;
				GCC_WARN_UNUSED_VARIABLE = YES;
				IPHONEOS_DEPLOYMENT_TARGET = 16.1;
				MTL_ENABLE_DEBUG_INFO = INCLUDE_SOURCE;
				MTL_FAST_MATH = YES;
				ONLY_ACTIVE_ARCH = YES;
				SDKROOT = iphoneos;
				SWIFT_ACTIVE_COMPILATION_CONDITIONS = DEBUG;
				SWIFT_OPTIMIZATION_LEVEL = "-Onone";
			};
			name = Debug;
		};
		4010BCA42983E78D00DA0AC0 /* Release */ = {
			isa = XCBuildConfiguration;
			buildSettings = {
				ALWAYS_SEARCH_USER_PATHS = NO;
				CLANG_ANALYZER_NONNULL = YES;
				CLANG_ANALYZER_NUMBER_OBJECT_CONVERSION = YES_AGGRESSIVE;
				CLANG_CXX_LANGUAGE_STANDARD = "gnu++20";
				CLANG_ENABLE_MODULES = YES;
				CLANG_ENABLE_OBJC_ARC = YES;
				CLANG_ENABLE_OBJC_WEAK = YES;
				CLANG_WARN_BLOCK_CAPTURE_AUTORELEASING = YES;
				CLANG_WARN_BOOL_CONVERSION = YES;
				CLANG_WARN_COMMA = YES;
				CLANG_WARN_CONSTANT_CONVERSION = YES;
				CLANG_WARN_DEPRECATED_OBJC_IMPLEMENTATIONS = YES;
				CLANG_WARN_DIRECT_OBJC_ISA_USAGE = YES_ERROR;
				CLANG_WARN_DOCUMENTATION_COMMENTS = YES;
				CLANG_WARN_EMPTY_BODY = YES;
				CLANG_WARN_ENUM_CONVERSION = YES;
				CLANG_WARN_INFINITE_RECURSION = YES;
				CLANG_WARN_INT_CONVERSION = YES;
				CLANG_WARN_NON_LITERAL_NULL_CONVERSION = YES;
				CLANG_WARN_OBJC_IMPLICIT_RETAIN_SELF = YES;
				CLANG_WARN_OBJC_LITERAL_CONVERSION = YES;
				CLANG_WARN_OBJC_ROOT_CLASS = YES_ERROR;
				CLANG_WARN_QUOTED_INCLUDE_IN_FRAMEWORK_HEADER = YES;
				CLANG_WARN_RANGE_LOOP_ANALYSIS = YES;
				CLANG_WARN_STRICT_PROTOTYPES = YES;
				CLANG_WARN_SUSPICIOUS_MOVE = YES;
				CLANG_WARN_UNGUARDED_AVAILABILITY = YES_AGGRESSIVE;
				CLANG_WARN_UNREACHABLE_CODE = YES;
				CLANG_WARN__DUPLICATE_METHOD_MATCH = YES;
				COPY_PHASE_STRIP = NO;
				DEBUG_INFORMATION_FORMAT = "dwarf-with-dsym";
				ENABLE_NS_ASSERTIONS = NO;
				ENABLE_STRICT_OBJC_MSGSEND = YES;
				GCC_C_LANGUAGE_STANDARD = gnu11;
				GCC_NO_COMMON_BLOCKS = YES;
				GCC_WARN_64_TO_32_BIT_CONVERSION = YES;
				GCC_WARN_ABOUT_RETURN_TYPE = YES_ERROR;
				GCC_WARN_UNDECLARED_SELECTOR = YES;
				GCC_WARN_UNINITIALIZED_AUTOS = YES_AGGRESSIVE;
				GCC_WARN_UNUSED_FUNCTION = YES;
				GCC_WARN_UNUSED_VARIABLE = YES;
				IPHONEOS_DEPLOYMENT_TARGET = 16.1;
				MTL_ENABLE_DEBUG_INFO = NO;
				MTL_FAST_MATH = YES;
				SDKROOT = iphoneos;
				SWIFT_COMPILATION_MODE = wholemodule;
				SWIFT_OPTIMIZATION_LEVEL = "-O";
				VALIDATE_PRODUCT = YES;
			};
			name = Release;
		};
		4010BCA62983E78D00DA0AC0 /* Debug */ = {
			isa = XCBuildConfiguration;
			buildSettings = {
				ASSETCATALOG_COMPILER_APPICON_NAME = AppIcon;
				ASSETCATALOG_COMPILER_GLOBAL_ACCENT_COLOR_NAME = AccentColor;
				CODE_SIGN_STYLE = Automatic;
				CURRENT_PROJECT_VERSION = 1;
				DEVELOPMENT_ASSET_PATHS = "\"Bookworm/Preview Content\"";
				DEVELOPMENT_TEAM = G3GNU2HG38;
				ENABLE_PREVIEWS = YES;
				GENERATE_INFOPLIST_FILE = YES;
				INFOPLIST_KEY_UIApplicationSceneManifest_Generation = YES;
				INFOPLIST_KEY_UIApplicationSupportsIndirectInputEvents = YES;
				INFOPLIST_KEY_UILaunchScreen_Generation = YES;
				INFOPLIST_KEY_UISupportedInterfaceOrientations_iPad = "UIInterfaceOrientationPortrait UIInterfaceOrientationPortraitUpsideDown UIInterfaceOrientationLandscapeLeft UIInterfaceOrientationLandscapeRight";
				INFOPLIST_KEY_UISupportedInterfaceOrientations_iPhone = "UIInterfaceOrientationPortrait UIInterfaceOrientationLandscapeLeft UIInterfaceOrientationLandscapeRight";
				IPHONEOS_DEPLOYMENT_TARGET = 15.0;
				LD_RUNPATH_SEARCH_PATHS = (
					"$(inherited)",
					"@executable_path/Frameworks",
				);
				MARKETING_VERSION = 1.0;
				PRODUCT_BUNDLE_IDENTIFIER = me.dabrowska.paulina.Bookworm;
				PRODUCT_NAME = "$(TARGET_NAME)";
				SWIFT_EMIT_LOC_STRINGS = YES;
				SWIFT_VERSION = 5.0;
				TARGETED_DEVICE_FAMILY = "1,2";
			};
			name = Debug;
		};
		4010BCA72983E78D00DA0AC0 /* Release */ = {
			isa = XCBuildConfiguration;
			buildSettings = {
				ASSETCATALOG_COMPILER_APPICON_NAME = AppIcon;
				ASSETCATALOG_COMPILER_GLOBAL_ACCENT_COLOR_NAME = AccentColor;
				CODE_SIGN_STYLE = Automatic;
				CURRENT_PROJECT_VERSION = 1;
				DEVELOPMENT_ASSET_PATHS = "\"Bookworm/Preview Content\"";
				DEVELOPMENT_TEAM = G3GNU2HG38;
				ENABLE_PREVIEWS = YES;
				GENERATE_INFOPLIST_FILE = YES;
				INFOPLIST_KEY_UIApplicationSceneManifest_Generation = YES;
				INFOPLIST_KEY_UIApplicationSupportsIndirectInputEvents = YES;
				INFOPLIST_KEY_UILaunchScreen_Generation = YES;
				INFOPLIST_KEY_UISupportedInterfaceOrientations_iPad = "UIInterfaceOrientationPortrait UIInterfaceOrientationPortraitUpsideDown UIInterfaceOrientationLandscapeLeft UIInterfaceOrientationLandscapeRight";
				INFOPLIST_KEY_UISupportedInterfaceOrientations_iPhone = "UIInterfaceOrientationPortrait UIInterfaceOrientationLandscapeLeft UIInterfaceOrientationLandscapeRight";
				IPHONEOS_DEPLOYMENT_TARGET = 15.0;
				LD_RUNPATH_SEARCH_PATHS = (
					"$(inherited)",
					"@executable_path/Frameworks",
				);
				MARKETING_VERSION = 1.0;
				PRODUCT_BUNDLE_IDENTIFIER = me.dabrowska.paulina.Bookworm;
				PRODUCT_NAME = "$(TARGET_NAME)";
				SWIFT_EMIT_LOC_STRINGS = YES;
				SWIFT_VERSION = 5.0;
				TARGETED_DEVICE_FAMILY = "1,2";
			};
			name = Release;
		};
/* End XCBuildConfiguration section */

/* Begin XCConfigurationList section */
		4010BC922983E78C00DA0AC0 /* Build configuration list for PBXProject "Bookworm" */ = {
			isa = XCConfigurationList;
			buildConfigurations = (
				4010BCA32983E78D00DA0AC0 /* Debug */,
				4010BCA42983E78D00DA0AC0 /* Release */,
			);
			defaultConfigurationIsVisible = 0;
			defaultConfigurationName = Release;
		};
		4010BCA52983E78D00DA0AC0 /* Build configuration list for PBXNativeTarget "Bookworm" */ = {
			isa = XCConfigurationList;
			buildConfigurations = (
				4010BCA62983E78D00DA0AC0 /* Debug */,
				4010BCA72983E78D00DA0AC0 /* Release */,
			);
			defaultConfigurationIsVisible = 0;
			defaultConfigurationName = Release;
		};
/* End XCConfigurationList section */

/* Begin XCVersionGroup section */
		4010BCAF2983FCBD00DA0AC0 /* BookwormTutorial.xcdatamodeld */ = {
			isa = XCVersionGroup;
			children = (
				4010BCB02983FCBD00DA0AC0 /* Bookworm.xcdatamodel */,
			);
			currentVersion = 4010BCB02983FCBD00DA0AC0 /* Bookworm.xcdatamodel */;
			path = BookwormTutorial.xcdatamodeld;
			sourceTree = "<group>";
			versionGroupType = wrapper.xcdatamodel;
		};
		4010BCB629843FFA00DA0AC0 /* Bookworm.xcdatamodeld */ = {
			isa = XCVersionGroup;
			children = (
				4010BCB729843FFA00DA0AC0 /* Bookworm.xcdatamodel */,
			);
			currentVersion = 4010BCB729843FFA00DA0AC0 /* Bookworm.xcdatamodel */;
			path = Bookworm.xcdatamodeld;
			sourceTree = "<group>";
			versionGroupType = wrapper.xcdatamodel;
		};
/* End XCVersionGroup section */
	};
	rootObject = 4010BC8F2983E78C00DA0AC0 /* Project object */;
}
