// !$*UTF8*$!
{
	archiveVersion = 1;
	classes = {
	};
	objectVersion = 56;
	objects = {

/* Begin PBXBuildFile section */
		403ADD3029A239E600052C05 /* FlashzillaApp.swift in Sources */ = {isa = PBXBuildFile; fileRef = 403ADD2F29A239E600052C05 /* FlashzillaApp.swift */; };
		403ADD3229A239E600052C05 /* ContentView.swift in Sources */ = {isa = PBXBuildFile; fileRef = 403ADD3129A239E600052C05 /* ContentView.swift */; };
		403ADD3429A239E700052C05 /* Assets.xcassets in Resources */ = {isa = PBXBuildFile; fileRef = 403ADD3329A239E700052C05 /* Assets.xcassets */; };
		403ADD3729A239E700052C05 /* Preview Assets.xcassets in Resources */ = {isa = PBXBuildFile; fileRef = 403ADD3629A239E700052C05 /* Preview Assets.xcassets */; };
		403ADD3F29A23A3D00052C05 /* GesturesView.swift in Sources */ = {isa = PBXBuildFile; fileRef = 403ADD3E29A23A3D00052C05 /* GesturesView.swift */; };
		403ADD4129A23D6800052C05 /* VibrationsView.swift in Sources */ = {isa = PBXBuildFile; fileRef = 403ADD4029A23D6800052C05 /* VibrationsView.swift */; };
		403ADD4329A245E900052C05 /* AllowsHitTestingView.swift in Sources */ = {isa = PBXBuildFile; fileRef = 403ADD4229A245E900052C05 /* AllowsHitTestingView.swift */; };
		405746BD29A298A000003245 /* TimerView.swift in Sources */ = {isa = PBXBuildFile; fileRef = 405746BC29A298A000003245 /* TimerView.swift */; };
		405746BF29A29A1500003245 /* BackgroundView.swift in Sources */ = {isa = PBXBuildFile; fileRef = 405746BE29A29A1500003245 /* BackgroundView.swift */; };
		405746C129A29B0000003245 /* SpecificAccessibilityNeedsView.swift in Sources */ = {isa = PBXBuildFile; fileRef = 405746C029A29B0000003245 /* SpecificAccessibilityNeedsView.swift */; };
		405746C329A3DEF100003245 /* Card.swift in Sources */ = {isa = PBXBuildFile; fileRef = 405746C229A3DEF100003245 /* Card.swift */; };
		405746C529A3DF5800003245 /* CardView.swift in Sources */ = {isa = PBXBuildFile; fileRef = 405746C429A3DF5800003245 /* CardView.swift */; };
		405746C729A6AD9000003245 /* EditCardsView.swift in Sources */ = {isa = PBXBuildFile; fileRef = 405746C629A6AD9000003245 /* EditCardsView.swift */; };
/* End PBXBuildFile section */

/* Begin PBXFileReference section */
		403ADD2C29A239E600052C05 /* Flashzilla.app */ = {isa = PBXFileReference; explicitFileType = wrapper.application; includeInIndex = 0; path = Flashzilla.app; sourceTree = BUILT_PRODUCTS_DIR; };
		403ADD2F29A239E600052C05 /* FlashzillaApp.swift */ = {isa = PBXFileReference; lastKnownFileType = sourcecode.swift; path = FlashzillaApp.swift; sourceTree = "<group>"; };
		403ADD3129A239E600052C05 /* ContentView.swift */ = {isa = PBXFileReference; lastKnownFileType = sourcecode.swift; path = ContentView.swift; sourceTree = "<group>"; };
		403ADD3329A239E700052C05 /* Assets.xcassets */ = {isa = PBXFileReference; lastKnownFileType = folder.assetcatalog; path = Assets.xcassets; sourceTree = "<group>"; };
		403ADD3629A239E700052C05 /* Preview Assets.xcassets */ = {isa = PBXFileReference; lastKnownFileType = folder.assetcatalog; path = "Preview Assets.xcassets"; sourceTree = "<group>"; };
		403ADD3E29A23A3D00052C05 /* GesturesView.swift */ = {isa = PBXFileReference; lastKnownFileType = sourcecode.swift; path = GesturesView.swift; sourceTree = "<group>"; };
		403ADD4029A23D6800052C05 /* VibrationsView.swift */ = {isa = PBXFileReference; lastKnownFileType = sourcecode.swift; path = VibrationsView.swift; sourceTree = "<group>"; };
		403ADD4229A245E900052C05 /* AllowsHitTestingView.swift */ = {isa = PBXFileReference; lastKnownFileType = sourcecode.swift; path = AllowsHitTestingView.swift; sourceTree = "<group>"; };
		405746BC29A298A000003245 /* TimerView.swift */ = {isa = PBXFileReference; lastKnownFileType = sourcecode.swift; path = TimerView.swift; sourceTree = "<group>"; };
		405746BE29A29A1500003245 /* BackgroundView.swift */ = {isa = PBXFileReference; lastKnownFileType = sourcecode.swift; path = BackgroundView.swift; sourceTree = "<group>"; };
		405746C029A29B0000003245 /* SpecificAccessibilityNeedsView.swift */ = {isa = PBXFileReference; lastKnownFileType = sourcecode.swift; path = SpecificAccessibilityNeedsView.swift; sourceTree = "<group>"; };
		405746C229A3DEF100003245 /* Card.swift */ = {isa = PBXFileReference; lastKnownFileType = sourcecode.swift; path = Card.swift; sourceTree = "<group>"; };
		405746C429A3DF5800003245 /* CardView.swift */ = {isa = PBXFileReference; lastKnownFileType = sourcecode.swift; path = CardView.swift; sourceTree = "<group>"; };
		405746C629A6AD9000003245 /* EditCardsView.swift */ = {isa = PBXFileReference; lastKnownFileType = sourcecode.swift; path = EditCardsView.swift; sourceTree = "<group>"; };
/* End PBXFileReference section */

/* Begin PBXFrameworksBuildPhase section */
		403ADD2929A239E600052C05 /* Frameworks */ = {
			isa = PBXFrameworksBuildPhase;
			buildActionMask = 2147483647;
			files = (
			);
			runOnlyForDeploymentPostprocessing = 0;
		};
/* End PBXFrameworksBuildPhase section */

/* Begin PBXGroup section */
		403ADD2329A239E600052C05 = {
			isa = PBXGroup;
			children = (
				403ADD2E29A239E600052C05 /* Flashzilla */,
				403ADD2D29A239E600052C05 /* Products */,
			);
			sourceTree = "<group>";
		};
		403ADD2D29A239E600052C05 /* Products */ = {
			isa = PBXGroup;
			children = (
				403ADD2C29A239E600052C05 /* Flashzilla.app */,
			);
			name = Products;
			sourceTree = "<group>";
		};
		403ADD2E29A239E600052C05 /* Flashzilla */ = {
			isa = PBXGroup;
			children = (
				405746C429A3DF5800003245 /* CardView.swift */,
				403ADD2F29A239E600052C05 /* FlashzillaApp.swift */,
				403ADD3129A239E600052C05 /* ContentView.swift */,
				405746C229A3DEF100003245 /* Card.swift */,
				405746C629A6AD9000003245 /* EditCardsView.swift */,
				403ADD3D29A23A2900052C05 /* Introduction */,
				403ADD3329A239E700052C05 /* Assets.xcassets */,
				403ADD3529A239E700052C05 /* Preview Content */,
			);
			path = Flashzilla;
			sourceTree = "<group>";
		};
		403ADD3529A239E700052C05 /* Preview Content */ = {
			isa = PBXGroup;
			children = (
				403ADD3629A239E700052C05 /* Preview Assets.xcassets */,
			);
			path = "Preview Content";
			sourceTree = "<group>";
		};
		403ADD3D29A23A2900052C05 /* Introduction */ = {
			isa = PBXGroup;
			children = (
				403ADD3E29A23A3D00052C05 /* GesturesView.swift */,
				403ADD4029A23D6800052C05 /* VibrationsView.swift */,
				403ADD4229A245E900052C05 /* AllowsHitTestingView.swift */,
				405746BC29A298A000003245 /* TimerView.swift */,
				405746BE29A29A1500003245 /* BackgroundView.swift */,
				405746C029A29B0000003245 /* SpecificAccessibilityNeedsView.swift */,
			);
			path = Introduction;
			sourceTree = "<group>";
		};
/* End PBXGroup section */

/* Begin PBXNativeTarget section */
		403ADD2B29A239E600052C05 /* Flashzilla */ = {
			isa = PBXNativeTarget;
			buildConfigurationList = 403ADD3A29A239E700052C05 /* Build configuration list for PBXNativeTarget "Flashzilla" */;
			buildPhases = (
				403ADD2829A239E600052C05 /* Sources */,
				403ADD2929A239E600052C05 /* Frameworks */,
				403ADD2A29A239E600052C05 /* Resources */,
			);
			buildRules = (
			);
			dependencies = (
			);
			name = Flashzilla;
			productName = Flashzilla;
			productReference = 403ADD2C29A239E600052C05 /* Flashzilla.app */;
			productType = "com.apple.product-type.application";
		};
/* End PBXNativeTarget section */

/* Begin PBXProject section */
		403ADD2429A239E600052C05 /* Project object */ = {
			isa = PBXProject;
			attributes = {
				BuildIndependentTargetsInParallel = 1;
				LastSwiftUpdateCheck = 1410;
				LastUpgradeCheck = 1410;
				TargetAttributes = {
					403ADD2B29A239E600052C05 = {
						CreatedOnToolsVersion = 14.1;
					};
				};
			};
			buildConfigurationList = 403ADD2729A239E600052C05 /* Build configuration list for PBXProject "Flashzilla" */;
			compatibilityVersion = "Xcode 14.0";
			developmentRegion = en;
			hasScannedForEncodings = 0;
			knownRegions = (
				en,
				Base,
			);
			mainGroup = 403ADD2329A239E600052C05;
			productRefGroup = 403ADD2D29A239E600052C05 /* Products */;
			projectDirPath = "";
			projectRoot = "";
			targets = (
				403ADD2B29A239E600052C05 /* Flashzilla */,
			);
		};
/* End PBXProject section */

/* Begin PBXResourcesBuildPhase section */
		403ADD2A29A239E600052C05 /* Resources */ = {
			isa = PBXResourcesBuildPhase;
			buildActionMask = 2147483647;
			files = (
				403ADD3729A239E700052C05 /* Preview Assets.xcassets in Resources */,
				403ADD3429A239E700052C05 /* Assets.xcassets in Resources */,
			);
			runOnlyForDeploymentPostprocessing = 0;
		};
/* End PBXResourcesBuildPhase section */

/* Begin PBXSourcesBuildPhase section */
		403ADD2829A239E600052C05 /* Sources */ = {
			isa = PBXSourcesBuildPhase;
			buildActionMask = 2147483647;
			files = (
				405746BD29A298A000003245 /* TimerView.swift in Sources */,
				405746C329A3DEF100003245 /* Card.swift in Sources */,
				403ADD3F29A23A3D00052C05 /* GesturesView.swift in Sources */,
				403ADD3229A239E600052C05 /* ContentView.swift in Sources */,
				405746C729A6AD9000003245 /* EditCardsView.swift in Sources */,
				405746C529A3DF5800003245 /* CardView.swift in Sources */,
				405746BF29A29A1500003245 /* BackgroundView.swift in Sources */,
				403ADD3029A239E600052C05 /* FlashzillaApp.swift in Sources */,
				403ADD4129A23D6800052C05 /* VibrationsView.swift in Sources */,
				403ADD4329A245E900052C05 /* AllowsHitTestingView.swift in Sources */,
				405746C129A29B0000003245 /* SpecificAccessibilityNeedsView.swift in Sources */,
			);
			runOnlyForDeploymentPostprocessing = 0;
		};
/* End PBXSourcesBuildPhase section */

/* Begin XCBuildConfiguration section */
		403ADD3829A239E700052C05 /* Debug */ = {
			isa = XCBuildConfiguration;
			buildSettings = {
				ALWAYS_SEARCH_USER_PATHS = NO;
				CLANG_ANALYZER_NONNULL = YES;
				CLANG_ANALYZER_NUMBER_OBJECT_CONVERSION = YES_AGGRESSIVE;
				CLANG_CXX_LANGUAGE_STANDARD = "gnu++20";
				CLANG_ENABLE_MODULES = YES;
				CLANG_ENABLE_OBJC_ARC = YES;
				CLANG_ENABLE_OBJC_WEAK = YES;
				CLANG_WARN_BLOCK_CAPTURE_AUTORELEASING = YES;
				CLANG_WARN_BOOL_CONVERSION = YES;
				CLANG_WARN_COMMA = YES;
				CLANG_WARN_CONSTANT_CONVERSION = YES;
				CLANG_WARN_DEPRECATED_OBJC_IMPLEMENTATIONS = YES;
				CLANG_WARN_DIRECT_OBJC_ISA_USAGE = YES_ERROR;
				CLANG_WARN_DOCUMENTATION_COMMENTS = YES;
				CLANG_WARN_EMPTY_BODY = YES;
				CLANG_WARN_ENUM_CONVERSION = YES;
				CLANG_WARN_INFINITE_RECURSION = YES;
				CLANG_WARN_INT_CONVERSION = YES;
				CLANG_WARN_NON_LITERAL_NULL_CONVERSION = YES;
				CLANG_WARN_OBJC_IMPLICIT_RETAIN_SELF = YES;
				CLANG_WARN_OBJC_LITERAL_CONVERSION = YES;
				CLANG_WARN_OBJC_ROOT_CLASS = YES_ERROR;
				CLANG_WARN_QUOTED_INCLUDE_IN_FRAMEWORK_HEADER = YES;
				CLANG_WARN_RANGE_LOOP_ANALYSIS = YES;
				CLANG_WARN_STRICT_PROTOTYPES = YES;
				CLANG_WARN_SUSPICIOUS_MOVE = YES;
				CLANG_WARN_UNGUARDED_AVAILABILITY = YES_AGGRESSIVE;
				CLANG_WARN_UNREACHABLE_CODE = YES;
				CLANG_WARN__DUPLICATE_METHOD_MATCH = YES;
				COPY_PHASE_STRIP = NO;
				DEBUG_INFORMATION_FORMAT = dwarf;
				ENABLE_STRICT_OBJC_MSGSEND = YES;
				ENABLE_TESTABILITY = YES;
				GCC_C_LANGUAGE_STANDARD = gnu11;
				GCC_DYNAMIC_NO_PIC = NO;
				GCC_NO_COMMON_BLOCKS = YES;
				GCC_OPTIMIZATION_LEVEL = 0;
				GCC_PREPROCESSOR_DEFINITIONS = (
					"DEBUG=1",
					"$(inherited)",
				);
				GCC_WARN_64_TO_32_BIT_CONVERSION = YES;
				GCC_WARN_ABOUT_RETURN_TYPE = YES_ERROR;
				GCC_WARN_UNDECLARED_SELECTOR = YES;
				GCC_WARN_UNINITIALIZED_AUTOS = YES_AGGRESSIVE;
				GCC_WARN_UNUSED_FUNCTION = YES;
				GCC_WARN_UNUSED_VARIABLE = YES;
				IPHONEOS_DEPLOYMENT_TARGET = 16.1;
				MTL_ENABLE_DEBUG_INFO = INCLUDE_SOURCE;
				MTL_FAST_MATH = YES;
				ONLY_ACTIVE_ARCH = YES;
				SDKROOT = iphoneos;
				SWIFT_ACTIVE_COMPILATION_CONDITIONS = DEBUG;
				SWIFT_OPTIMIZATION_LEVEL = "-Onone";
			};
			name = Debug;
		};
		403ADD3929A239E700052C05 /* Release */ = {
			isa = XCBuildConfiguration;
			buildSettings = {
				ALWAYS_SEARCH_USER_PATHS = NO;
				CLANG_ANALYZER_NONNULL = YES;
				CLANG_ANALYZER_NUMBER_OBJECT_CONVERSION = YES_AGGRESSIVE;
				CLANG_CXX_LANGUAGE_STANDARD = "gnu++20";
				CLANG_ENABLE_MODULES = YES;
				CLANG_ENABLE_OBJC_ARC = YES;
				CLANG_ENABLE_OBJC_WEAK = YES;
				CLANG_WARN_BLOCK_CAPTURE_AUTORELEASING = YES;
				CLANG_WARN_BOOL_CONVERSION = YES;
				CLANG_WARN_COMMA = YES;
				CLANG_WARN_CONSTANT_CONVERSION = YES;
				CLANG_WARN_DEPRECATED_OBJC_IMPLEMENTATIONS = YES;
				CLANG_WARN_DIRECT_OBJC_ISA_USAGE = YES_ERROR;
				CLANG_WARN_DOCUMENTATION_COMMENTS = YES;
				CLANG_WARN_EMPTY_BODY = YES;
				CLANG_WARN_ENUM_CONVERSION = YES;
				CLANG_WARN_INFINITE_RECURSION = YES;
				CLANG_WARN_INT_CONVERSION = YES;
				CLANG_WARN_NON_LITERAL_NULL_CONVERSION = YES;
				CLANG_WARN_OBJC_IMPLICIT_RETAIN_SELF = YES;
				CLANG_WARN_OBJC_LITERAL_CONVERSION = YES;
				CLANG_WARN_OBJC_ROOT_CLASS = YES_ERROR;
				CLANG_WARN_QUOTED_INCLUDE_IN_FRAMEWORK_HEADER = YES;
				CLANG_WARN_RANGE_LOOP_ANALYSIS = YES;
				CLANG_WARN_STRICT_PROTOTYPES = YES;
				CLANG_WARN_SUSPICIOUS_MOVE = YES;
				CLANG_WARN_UNGUARDED_AVAILABILITY = YES_AGGRESSIVE;
				CLANG_WARN_UNREACHABLE_CODE = YES;
				CLANG_WARN__DUPLICATE_METHOD_MATCH = YES;
				COPY_PHASE_STRIP = NO;
				DEBUG_INFORMATION_FORMAT = "dwarf-with-dsym";
				ENABLE_NS_ASSERTIONS = NO;
				ENABLE_STRICT_OBJC_MSGSEND = YES;
				GCC_C_LANGUAGE_STANDARD = gnu11;
				GCC_NO_COMMON_BLOCKS = YES;
				GCC_WARN_64_TO_32_BIT_CONVERSION = YES;
				GCC_WARN_ABOUT_RETURN_TYPE = YES_ERROR;
				GCC_WARN_UNDECLARED_SELECTOR = YES;
				GCC_WARN_UNINITIALIZED_AUTOS = YES_AGGRESSIVE;
				GCC_WARN_UNUSED_FUNCTION = YES;
				GCC_WARN_UNUSED_VARIABLE = YES;
				IPHONEOS_DEPLOYMENT_TARGET = 16.1;
				MTL_ENABLE_DEBUG_INFO = NO;
				MTL_FAST_MATH = YES;
				SDKROOT = iphoneos;
				SWIFT_COMPILATION_MODE = wholemodule;
				SWIFT_OPTIMIZATION_LEVEL = "-O";
				VALIDATE_PRODUCT = YES;
			};
			name = Release;
		};
		403ADD3B29A239E700052C05 /* Debug */ = {
			isa = XCBuildConfiguration;
			buildSettings = {
				ASSETCATALOG_COMPILER_APPICON_NAME = AppIcon;
				ASSETCATALOG_COMPILER_GLOBAL_ACCENT_COLOR_NAME = AccentColor;
				CODE_SIGN_STYLE = Automatic;
				CURRENT_PROJECT_VERSION = 1;
				DEVELOPMENT_ASSET_PATHS = "\"Flashzilla/Preview Content\"";
				DEVELOPMENT_TEAM = G3GNU2HG38;
				ENABLE_PREVIEWS = YES;
				GENERATE_INFOPLIST_FILE = YES;
				INFOPLIST_KEY_UIApplicationSceneManifest_Generation = YES;
				INFOPLIST_KEY_UIApplicationSupportsIndirectInputEvents = YES;
				INFOPLIST_KEY_UILaunchScreen_Generation = YES;
				INFOPLIST_KEY_UISupportedInterfaceOrientations = "UIInterfaceOrientationLandscapeLeft UIInterfaceOrientationLandscapeRight";
				INFOPLIST_KEY_UISupportedInterfaceOrientations_iPad = "UIInterfaceOrientationLandscapeLeft UIInterfaceOrientationLandscapeRight UIInterfaceOrientationPortrait UIInterfaceOrientationPortraitUpsideDown";
				LD_RUNPATH_SEARCH_PATHS = (
					"$(inherited)",
					"@executable_path/Frameworks",
				);
				MARKETING_VERSION = 1.0;
				PRODUCT_BUNDLE_IDENTIFIER = me.dabrowska.paulina.Flashzilla;
				PRODUCT_NAME = "$(TARGET_NAME)";
				SWIFT_EMIT_LOC_STRINGS = YES;
				SWIFT_VERSION = 5.0;
				TARGETED_DEVICE_FAMILY = "1,2";
			};
			name = Debug;
		};
		403ADD3C29A239E700052C05 /* Release */ = {
			isa = XCBuildConfiguration;
			buildSettings = {
				ASSETCATALOG_COMPILER_APPICON_NAME = AppIcon;
				ASSETCATALOG_COMPILER_GLOBAL_ACCENT_COLOR_NAME = AccentColor;
				CODE_SIGN_STYLE = Automatic;
				CURRENT_PROJECT_VERSION = 1;
				DEVELOPMENT_ASSET_PATHS = "\"Flashzilla/Preview Content\"";
				DEVELOPMENT_TEAM = G3GNU2HG38;
				ENABLE_PREVIEWS = YES;
				GENERATE_INFOPLIST_FILE = YES;
				INFOPLIST_KEY_UIApplicationSceneManifest_Generation = YES;
				INFOPLIST_KEY_UIApplicationSupportsIndirectInputEvents = YES;
				INFOPLIST_KEY_UILaunchScreen_Generation = YES;
				INFOPLIST_KEY_UISupportedInterfaceOrientations = "UIInterfaceOrientationLandscapeLeft UIInterfaceOrientationLandscapeRight";
				INFOPLIST_KEY_UISupportedInterfaceOrientations_iPad = "UIInterfaceOrientationLandscapeLeft UIInterfaceOrientationLandscapeRight UIInterfaceOrientationPortrait UIInterfaceOrientationPortraitUpsideDown";
				LD_RUNPATH_SEARCH_PATHS = (
					"$(inherited)",
					"@executable_path/Frameworks",
				);
				MARKETING_VERSION = 1.0;
				PRODUCT_BUNDLE_IDENTIFIER = me.dabrowska.paulina.Flashzilla;
				PRODUCT_NAME = "$(TARGET_NAME)";
				SWIFT_EMIT_LOC_STRINGS = YES;
				SWIFT_VERSION = 5.0;
				TARGETED_DEVICE_FAMILY = "1,2";
			};
			name = Release;
		};
/* End XCBuildConfiguration section */

/* Begin XCConfigurationList section */
		403ADD2729A239E600052C05 /* Build configuration list for PBXProject "Flashzilla" */ = {
			isa = XCConfigurationList;
			buildConfigurations = (
				403ADD3829A239E700052C05 /* Debug */,
				403ADD3929A239E700052C05 /* Release */,
			);
			defaultConfigurationIsVisible = 0;
			defaultConfigurationName = Release;
		};
		403ADD3A29A239E700052C05 /* Build configuration list for PBXNativeTarget "Flashzilla" */ = {
			isa = XCConfigurationList;
			buildConfigurations = (
				403ADD3B29A239E700052C05 /* Debug */,
				403ADD3C29A239E700052C05 /* Release */,
			);
			defaultConfigurationIsVisible = 0;
			defaultConfigurationName = Release;
		};
/* End XCConfigurationList section */
	};
	rootObject = 403ADD2429A239E600052C05 /* Project object */;
}
